memo = "b4fb84a24241dc44b52861556a0f4144069b031701244defa9f71e68bcf3d555"

[[projects]]
  branch = "master"
  name = "github.com/golang/snappy"
  packages = ["."]
  revision = "553a641470496b2327abcac10b36396bd98e45c9"

[[projects]]
  branch = "master"
  name = "github.com/gorilla/context"
  packages = ["."]
  revision = "1c83b3eabd45b6d76072b66b746c20815fb2872d"

[[projects]]
  branch = "master"
  name = "github.com/gorilla/mux"
  packages = ["."]
  revision = "3f19343c7d9ce75569b952758bd236af94956061"

[[projects]]
  branch = "master"
  name = "github.com/kennygrant/sanitize"
  packages = ["."]
  revision = "6a0bfdde8629a3a3a7418a7eae45c54154692514"

[[projects]]
  branch = "master"
  name = "github.com/syndtr/goleveldb"
  packages = ["leveldb","leveldb/cache","leveldb/comparer","leveldb/errors","leveldb/filter","leveldb/iterator","leveldb/journal","leveldb/memdb","leveldb/opt","leveldb/storage","leveldb/table","leveldb/util"]
  revision = "b89cc31ef7977104127d34c1bd31ebd1a9db2199"

[[projects]]
  branch = "master"
  name = "golang.org/x/net"
  packages = ["html","html/atom"]
  revision = "da118f7b8e5954f39d0d2130ab35d4bf0e3cb344"
