memo = "aca187f37e27b0b0e251a197a7e5d948f0141edee69d692550240e4cf6927124"

[[projects]]
  branch = "master"
  name = "github.com/boltdb/bolt"
  packages = ["."]
  revision = "fa5367d20c994db73282594be0146ab221657943"

[[projects]]
  name = "github.com/gorilla/context"
  packages = ["."]
  revision = "1ea25387ff6f684839d82767c1733ff4d4d15d0a"
  version = "v1.1"

[[projects]]
  branch = "master"
  name = "github.com/gorilla/mux"
  packages = ["."]
  revision = "3f19343c7d9ce75569b952758bd236af94956061"

[[projects]]
  branch = "master"
  name = "github.com/kennygrant/sanitize"
  packages = ["."]
  revision = "b38f6c674c896b4e27dcd769332a50700450dec9"

[[projects]]
  branch = "master"
  name = "golang.org/x/net"
  packages = ["html","html/atom"]
  revision = "0a9397675ba34b2845f758fe3cd68828369c6517"

[[projects]]
  branch = "master"
  name = "golang.org/x/sys"
  packages = ["unix"]
  revision = "314a259e304ff91bd6985da2a7149bbf91237993"
